
Microsoft Visual Studio Solution File, Format Version 12.00
# Visual Studio Version 17
VisualStudioVersion = 17.4.33122.133
MinimumVisualStudioVersion = 10.0.40219.1
Project("{FAE04EC0-301F-11D3-BF4B-00C04F79EFBC}") = "SFGameProject", "SFGameProject\SFGameProject.csproj", "{199908CD-B10F-4153-AC0C-F49439A62E41}"
EndProject
Global
	GlobalSection(SolutionConfigurationPlatforms) = preSolution
		Debug|Any CPU = Debug|Any CPU
		Release|Any CPU = Release|Any CPU
	EndGlobalSection
	GlobalSection(ProjectConfigurationPlatforms) = postSolution
		{199908CD-B10F-4153-AC0C-F49439A62E41}.Debug|Any CPU.ActiveCfg = Debug|Any CPU
		{199908CD-B10F-4153-AC0C-F49439A62E41}.Debug|Any CPU.Build.0 = Debug|Any CPU
		{199908CD-B10F-4153-AC0C-F49439A62E41}.Release|Any CPU.ActiveCfg = Release|Any CPU
		{199908CD-B10F-4153-AC0C-F49439A62E41}.Release|Any CPU.Build.0 = Release|Any CPU
	EndGlobalSection
	GlobalSection(SolutionProperties) = preSolution
		HideSolutionNode = FALSE
	EndGlobalSection
	GlobalSection(ExtensibilityGlobals) = postSolution
		SolutionGuid = {0BC16C12-D257-4653-AB38-97BF6257B18E}
	EndGlobalSection
EndGlobal
